
Microsoft Visual Studio Solution File, Format Version 12.00
# Visual Studio Version 17
VisualStudioVersion = 17.14.36414.22 d17.14
MinimumVisualStudioVersion = 10.0.40219.1
Project("{FAE04EC0-301F-11D3-BF4B-00C04F79EFBC}") = "TestHostingApp", "TestHostingApp\TestHostingApp.csproj", "{1E443ACC-5C27-4C7F-A4F4-091340FADB0F}"
EndProject
Global
	GlobalSection(SolutionConfigurationPlatforms) = preSolution
		Debug|Any CPU = Debug|Any CPU
		Release|Any CPU = Release|Any CPU
	EndGlobalSection
	GlobalSection(ProjectConfigurationPlatforms) = postSolution
		{1E443ACC-5C27-4C7F-A4F4-091340FADB0F}.Debug|Any CPU.ActiveCfg = Debug|Any CPU
		{1E443ACC-5C27-4C7F-A4F4-091340FADB0F}.Debug|Any CPU.Build.0 = Debug|Any CPU
		{1E443ACC-5C27-4C7F-A4F4-091340FADB0F}.Release|Any CPU.ActiveCfg = Release|Any CPU
		{1E443ACC-5C27-4C7F-A4F4-091340FADB0F}.Release|Any CPU.Build.0 = Release|Any CPU
	EndGlobalSection
	GlobalSection(SolutionProperties) = preSolution
		HideSolutionNode = FALSE
	EndGlobalSection
	GlobalSection(ExtensibilityGlobals) = postSolution
		SolutionGuid = {0F9F6DBA-1BDF-4013-B78F-442BDC8B2450}
	EndGlobalSection
EndGlobal
